
Microsoft Visual Studio Solution File, Format Version 12.00
# Visual Studio Version 16
VisualStudioVersion = 16.0.33027.164
MinimumVisualStudioVersion = 10.0.40219.1
Project("{8BC9CEB8-8B4A-11D0-8D11-00A0C91BC942}") = "Fsm", "Fsm\Fsm.vcxproj", "{BCF14348-6496-4484-83A4-3AC3D029642F}"
EndProject
Global
	GlobalSection(SolutionConfigurationPlatforms) = preSolution
		Debug|x64 = Debug|x64
		Debug|x86 = Debug|x86
		Release|x64 = Release|x64
		Release|x86 = Release|x86
	EndGlobalSection
	GlobalSection(ProjectConfigurationPlatforms) = postSolution
		{BCF14348-6496-4484-83A4-3AC3D029642F}.Debug|x64.ActiveCfg = Debug|x64
		{BCF14348-6496-4484-83A4-3AC3D029642F}.Debug|x64.Build.0 = Debug|x64
		{BCF14348-6496-4484-83A4-3AC3D029642F}.Debug|x86.ActiveCfg = Debug|Win32
		{BCF14348-6496-4484-83A4-3AC3D029642F}.Debug|x86.Build.0 = Debug|Win32
		{BCF14348-6496-4484-83A4-3AC3D029642F}.Release|x64.ActiveCfg = Release|x64
		{BCF14348-6496-4484-83A4-3AC3D029642F}.Release|x64.Build.0 = Release|x64
		{BCF14348-6496-4484-83A4-3AC3D029642F}.Release|x86.ActiveCfg = Release|Win32
		{BCF14348-6496-4484-83A4-3AC3D029642F}.Release|x86.Build.0 = Release|Win32
	EndGlobalSection
	GlobalSection(SolutionProperties) = preSolution
		HideSolutionNode = FALSE
	EndGlobalSection
	GlobalSection(ExtensibilityGlobals) = postSolution
		SolutionGuid = {8A3817C4-E256-4A79-B570-258C145BEE17}
	EndGlobalSection
EndGlobal
